
Microsoft Visual Studio Solution File, Format Version 12.00
# Visual Studio 15
VisualStudioVersion = 15.0.27703.2035
MinimumVisualStudioVersion = 10.0.40219.1
Project("{FAE04EC0-301F-11D3-BF4B-00C04F79EFBC}") = "ParkingSimulator", "ParkingSimulator\ParkingSimulator.csproj", "{7F3AD682-EA31-437F-832D-E9005E3803AF}"
EndProject
Project("{FAE04EC0-301F-11D3-BF4B-00C04F79EFBC}") = "Views", "Views\Views.csproj", "{95863A6C-87D6-4A73-AA66-C0B2D89DAC3E}"
EndProject
Project("{FAE04EC0-301F-11D3-BF4B-00C04F79EFBC}") = "ViewModels", "ViewModels\ViewModels.csproj", "{5F6CBF8E-F34C-40AE-A0F7-09A9394237BA}"
EndProject
Project("{FAE04EC0-301F-11D3-BF4B-00C04F79EFBC}") = "Models", "Models\Models.csproj", "{CBEF3A4E-7209-40C5-A6A6-D780A369D526}"
EndProject
Project("{FAE04EC0-301F-11D3-BF4B-00C04F79EFBC}") = "Infrastructure", "Infrastructure\Infrastructure.csproj", "{F0947555-9A2F-49CC-AD8E-BD55F4DF685E}"
EndProject
Global
	GlobalSection(SolutionConfigurationPlatforms) = preSolution
		Debug|Any CPU = Debug|Any CPU
		Debug|ARM = Debug|ARM
		Debug|x64 = Debug|x64
		Debug|x86 = Debug|x86
		Release|Any CPU = Release|Any CPU
		Release|ARM = Release|ARM
		Release|x64 = Release|x64
		Release|x86 = Release|x86
	EndGlobalSection
	GlobalSection(ProjectConfigurationPlatforms) = postSolution
		{7F3AD682-EA31-437F-832D-E9005E3803AF}.Debug|Any CPU.ActiveCfg = Debug|x86
		{7F3AD682-EA31-437F-832D-E9005E3803AF}.Debug|ARM.ActiveCfg = Debug|ARM
		{7F3AD682-EA31-437F-832D-E9005E3803AF}.Debug|ARM.Build.0 = Debug|ARM
		{7F3AD682-EA31-437F-832D-E9005E3803AF}.Debug|ARM.Deploy.0 = Debug|ARM
		{7F3AD682-EA31-437F-832D-E9005E3803AF}.Debug|x64.ActiveCfg = Debug|x64
		{7F3AD682-EA31-437F-832D-E9005E3803AF}.Debug|x64.Build.0 = Debug|x64
		{7F3AD682-EA31-437F-832D-E9005E3803AF}.Debug|x64.Deploy.0 = Debug|x64
		{7F3AD682-EA31-437F-832D-E9005E3803AF}.Debug|x86.ActiveCfg = Debug|x86
		{7F3AD682-EA31-437F-832D-E9005E3803AF}.Debug|x86.Build.0 = Debug|x86
		{7F3AD682-EA31-437F-832D-E9005E3803AF}.Debug|x86.Deploy.0 = Debug|x86
		{7F3AD682-EA31-437F-832D-E9005E3803AF}.Release|Any CPU.ActiveCfg = Release|x86
		{7F3AD682-EA31-437F-832D-E9005E3803AF}.Release|ARM.ActiveCfg = Release|ARM
		{7F3AD682-EA31-437F-832D-E9005E3803AF}.Release|ARM.Build.0 = Release|ARM
		{7F3AD682-EA31-437F-832D-E9005E3803AF}.Release|ARM.Deploy.0 = Release|ARM
		{7F3AD682-EA31-437F-832D-E9005E3803AF}.Release|x64.ActiveCfg = Release|x64
		{7F3AD682-EA31-437F-832D-E9005E3803AF}.Release|x64.Build.0 = Release|x64
		{7F3AD682-EA31-437F-832D-E9005E3803AF}.Release|x64.Deploy.0 = Release|x64
		{7F3AD682-EA31-437F-832D-E9005E3803AF}.Release|x86.ActiveCfg = Release|x86
		{7F3AD682-EA31-437F-832D-E9005E3803AF}.Release|x86.Build.0 = Release|x86
		{7F3AD682-EA31-437F-832D-E9005E3803AF}.Release|x86.Deploy.0 = Release|x86
		{95863A6C-87D6-4A73-AA66-C0B2D89DAC3E}.Debug|Any CPU.ActiveCfg = Debug|Any CPU
		{95863A6C-87D6-4A73-AA66-C0B2D89DAC3E}.Debug|Any CPU.Build.0 = Debug|Any CPU
		{95863A6C-87D6-4A73-AA66-C0B2D89DAC3E}.Debug|ARM.ActiveCfg = Debug|ARM
		{95863A6C-87D6-4A73-AA66-C0B2D89DAC3E}.Debug|ARM.Build.0 = Debug|ARM
		{95863A6C-87D6-4A73-AA66-C0B2D89DAC3E}.Debug|x64.ActiveCfg = Debug|x64
		{95863A6C-87D6-4A73-AA66-C0B2D89DAC3E}.Debug|x64.Build.0 = Debug|x64
		{95863A6C-87D6-4A73-AA66-C0B2D89DAC3E}.Debug|x86.ActiveCfg = Debug|x86
		{95863A6C-87D6-4A73-AA66-C0B2D89DAC3E}.Debug|x86.Build.0 = Debug|x86
		{95863A6C-87D6-4A73-AA66-C0B2D89DAC3E}.Release|Any CPU.ActiveCfg = Release|Any CPU
		{95863A6C-87D6-4A73-AA66-C0B2D89DAC3E}.Release|Any CPU.Build.0 = Release|Any CPU
		{95863A6C-87D6-4A73-AA66-C0B2D89DAC3E}.Release|ARM.ActiveCfg = Release|ARM
		{95863A6C-87D6-4A73-AA66-C0B2D89DAC3E}.Release|ARM.Build.0 = Release|ARM
		{95863A6C-87D6-4A73-AA66-C0B2D89DAC3E}.Release|x64.ActiveCfg = Release|x64
		{95863A6C-87D6-4A73-AA66-C0B2D89DAC3E}.Release|x64.Build.0 = Release|x64
		{95863A6C-87D6-4A73-AA66-C0B2D89DAC3E}.Release|x86.ActiveCfg = Release|x86
		{95863A6C-87D6-4A73-AA66-C0B2D89DAC3E}.Release|x86.Build.0 = Release|x86
		{5F6CBF8E-F34C-40AE-A0F7-09A9394237BA}.Debug|Any CPU.ActiveCfg = Debug|Any CPU
		{5F6CBF8E-F34C-40AE-A0F7-09A9394237BA}.Debug|Any CPU.Build.0 = Debug|Any CPU
		{5F6CBF8E-F34C-40AE-A0F7-09A9394237BA}.Debug|ARM.ActiveCfg = Debug|ARM
		{5F6CBF8E-F34C-40AE-A0F7-09A9394237BA}.Debug|ARM.Build.0 = Debug|ARM
		{5F6CBF8E-F34C-40AE-A0F7-09A9394237BA}.Debug|x64.ActiveCfg = Debug|x64
		{5F6CBF8E-F34C-40AE-A0F7-09A9394237BA}.Debug|x64.Build.0 = Debug|x64
		{5F6CBF8E-F34C-40AE-A0F7-09A9394237BA}.Debug|x86.ActiveCfg = Debug|x86
		{5F6CBF8E-F34C-40AE-A0F7-09A9394237BA}.Debug|x86.Build.0 = Debug|x86
		{5F6CBF8E-F34C-40AE-A0F7-09A9394237BA}.Release|Any CPU.ActiveCfg = Release|Any CPU
		{5F6CBF8E-F34C-40AE-A0F7-09A9394237BA}.Release|Any CPU.Build.0 = Release|Any CPU
		{5F6CBF8E-F34C-40AE-A0F7-09A9394237BA}.Release|ARM.ActiveCfg = Release|ARM
		{5F6CBF8E-F34C-40AE-A0F7-09A9394237BA}.Release|ARM.Build.0 = Release|ARM
		{5F6CBF8E-F34C-40AE-A0F7-09A9394237BA}.Release|x64.ActiveCfg = Release|x64
		{5F6CBF8E-F34C-40AE-A0F7-09A9394237BA}.Release|x64.Build.0 = Release|x64
		{5F6CBF8E-F34C-40AE-A0F7-09A9394237BA}.Release|x86.ActiveCfg = Release|x86
		{5F6CBF8E-F34C-40AE-A0F7-09A9394237BA}.Release|x86.Build.0 = Release|x86
		{CBEF3A4E-7209-40C5-A6A6-D780A369D526}.Debug|Any CPU.ActiveCfg = Debug|Any CPU
		{CBEF3A4E-7209-40C5-A6A6-D780A369D526}.Debug|Any CPU.Build.0 = Debug|Any CPU
		{CBEF3A4E-7209-40C5-A6A6-D780A369D526}.Debug|ARM.ActiveCfg = Debug|ARM
		{CBEF3A4E-7209-40C5-A6A6-D780A369D526}.Debug|ARM.Build.0 = Debug|ARM
		{CBEF3A4E-7209-40C5-A6A6-D780A369D526}.Debug|x64.ActiveCfg = Debug|x64
		{CBEF3A4E-7209-40C5-A6A6-D780A369D526}.Debug|x64.Build.0 = Debug|x64
		{CBEF3A4E-7209-40C5-A6A6-D780A369D526}.Debug|x86.ActiveCfg = Debug|x86
		{CBEF3A4E-7209-40C5-A6A6-D780A369D526}.Debug|x86.Build.0 = Debug|x86
		{CBEF3A4E-7209-40C5-A6A6-D780A369D526}.Release|Any CPU.ActiveCfg = Release|Any CPU
		{CBEF3A4E-7209-40C5-A6A6-D780A369D526}.Release|Any CPU.Build.0 = Release|Any CPU
		{CBEF3A4E-7209-40C5-A6A6-D780A369D526}.Release|ARM.ActiveCfg = Release|ARM
		{CBEF3A4E-7209-40C5-A6A6-D780A369D526}.Release|ARM.Build.0 = Release|ARM
		{CBEF3A4E-7209-40C5-A6A6-D780A369D526}.Release|x64.ActiveCfg = Release|x64
		{CBEF3A4E-7209-40C5-A6A6-D780A369D526}.Release|x64.Build.0 = Release|x64
		{CBEF3A4E-7209-40C5-A6A6-D780A369D526}.Release|x86.ActiveCfg = Release|x86
		{CBEF3A4E-7209-40C5-A6A6-D780A369D526}.Release|x86.Build.0 = Release|x86
		{F0947555-9A2F-49CC-AD8E-BD55F4DF685E}.Debug|Any CPU.ActiveCfg = Debug|Any CPU
		{F0947555-9A2F-49CC-AD8E-BD55F4DF685E}.Debug|Any CPU.Build.0 = Debug|Any CPU
		{F0947555-9A2F-49CC-AD8E-BD55F4DF685E}.Debug|ARM.ActiveCfg = Debug|ARM
		{F0947555-9A2F-49CC-AD8E-BD55F4DF685E}.Debug|ARM.Build.0 = Debug|ARM
		{F0947555-9A2F-49CC-AD8E-BD55F4DF685E}.Debug|x64.ActiveCfg = Debug|x64
		{F0947555-9A2F-49CC-AD8E-BD55F4DF685E}.Debug|x64.Build.0 = Debug|x64
		{F0947555-9A2F-49CC-AD8E-BD55F4DF685E}.Debug|x86.ActiveCfg = Debug|x86
		{F0947555-9A2F-49CC-AD8E-BD55F4DF685E}.Debug|x86.Build.0 = Debug|x86
		{F0947555-9A2F-49CC-AD8E-BD55F4DF685E}.Release|Any CPU.ActiveCfg = Release|Any CPU
		{F0947555-9A2F-49CC-AD8E-BD55F4DF685E}.Release|Any CPU.Build.0 = Release|Any CPU
		{F0947555-9A2F-49CC-AD8E-BD55F4DF685E}.Release|ARM.ActiveCfg = Release|ARM
		{F0947555-9A2F-49CC-AD8E-BD55F4DF685E}.Release|ARM.Build.0 = Release|ARM
		{F0947555-9A2F-49CC-AD8E-BD55F4DF685E}.Release|x64.ActiveCfg = Release|x64
		{F0947555-9A2F-49CC-AD8E-BD55F4DF685E}.Release|x64.Build.0 = Release|x64
		{F0947555-9A2F-49CC-AD8E-BD55F4DF685E}.Release|x86.ActiveCfg = Release|x86
		{F0947555-9A2F-49CC-AD8E-BD55F4DF685E}.Release|x86.Build.0 = Release|x86
	EndGlobalSection
	GlobalSection(SolutionProperties) = preSolution
		HideSolutionNode = FALSE
	EndGlobalSection
	GlobalSection(ExtensibilityGlobals) = postSolution
		SolutionGuid = {72CDAC05-68E9-4285-9810-C4E46E76A435}
	EndGlobalSection
EndGlobal
